// !$*UTF8*$!
{
	archiveVersion = 1;
	classes = {
	};
	objectVersion = 50;
	objects = {

/* Begin PBXBuildFile section */
		470744562637DE1600D68D59 /* AppDelegate.swift in Sources */ = {isa = PBXBuildFile; fileRef = 470744552637DE1600D68D59 /* AppDelegate.swift */; };
		470744582637DE1600D68D59 /* SceneDelegate.swift in Sources */ = {isa = PBXBuildFile; fileRef = 470744572637DE1600D68D59 /* SceneDelegate.swift */; };
		4707445A2637DE1600D68D59 /* ViewController.swift in Sources */ = {isa = PBXBuildFile; fileRef = 470744592637DE1600D68D59 /* ViewController.swift */; };
		4707445D2637DE1600D68D59 /* Main.storyboard in Resources */ = {isa = PBXBuildFile; fileRef = 4707445B2637DE1600D68D59 /* Main.storyboard */; };
		4707445F2637DE1900D68D59 /* Assets.xcassets in Resources */ = {isa = PBXBuildFile; fileRef = 4707445E2637DE1900D68D59 /* Assets.xcassets */; };
		470744622637DE1900D68D59 /* LaunchScreen.storyboard in Resources */ = {isa = PBXBuildFile; fileRef = 470744602637DE1900D68D59 /* LaunchScreen.storyboard */; };
		4707446E2637DEC300D68D59 /* GameViewController.swift in Sources */ = {isa = PBXBuildFile; fileRef = 4707446D2637DEC300D68D59 /* GameViewController.swift */; };
		470744732637ED9600D68D59 /* Node.swift in Sources */ = {isa = PBXBuildFile; fileRef = 470744722637ED9600D68D59 /* Node.swift */; };
		4707447A2637F61800D68D59 /* ReflectedStringConvertible.swift in Sources */ = {isa = PBXBuildFile; fileRef = 470744792637F61800D68D59 /* ReflectedStringConvertible.swift */; };
/* End PBXBuildFile section */

/* Begin PBXFileReference section */
		470744522637DE1600D68D59 /* Buttler.app */ = {isa = PBXFileReference; explicitFileType = wrapper.application; includeInIndex = 0; path = Buttler.app; sourceTree = BUILT_PRODUCTS_DIR; };
		470744552637DE1600D68D59 /* AppDelegate.swift */ = {isa = PBXFileReference; lastKnownFileType = sourcecode.swift; path = AppDelegate.swift; sourceTree = "<group>"; };
		470744572637DE1600D68D59 /* SceneDelegate.swift */ = {isa = PBXFileReference; lastKnownFileType = sourcecode.swift; path = SceneDelegate.swift; sourceTree = "<group>"; };
		470744592637DE1600D68D59 /* ViewController.swift */ = {isa = PBXFileReference; lastKnownFileType = sourcecode.swift; path = ViewController.swift; sourceTree = "<group>"; };
		4707445C2637DE1600D68D59 /* Base */ = {isa = PBXFileReference; lastKnownFileType = file.storyboard; name = Base; path = Base.lproj/Main.storyboard; sourceTree = "<group>"; };
		4707445E2637DE1900D68D59 /* Assets.xcassets */ = {isa = PBXFileReference; lastKnownFileType = folder.assetcatalog; path = Assets.xcassets; sourceTree = "<group>"; };
		470744612637DE1900D68D59 /* Base */ = {isa = PBXFileReference; lastKnownFileType = file.storyboard; name = Base; path = Base.lproj/LaunchScreen.storyboard; sourceTree = "<group>"; };
		470744632637DE1900D68D59 /* Info.plist */ = {isa = PBXFileReference; lastKnownFileType = text.plist.xml; path = Info.plist; sourceTree = "<group>"; };
		4707446D2637DEC300D68D59 /* GameViewController.swift */ = {isa = PBXFileReference; lastKnownFileType = sourcecode.swift; path = GameViewController.swift; sourceTree = "<group>"; };
		470744722637ED9600D68D59 /* Node.swift */ = {isa = PBXFileReference; lastKnownFileType = sourcecode.swift; path = Node.swift; sourceTree = "<group>"; };
		470744792637F61800D68D59 /* ReflectedStringConvertible.swift */ = {isa = PBXFileReference; lastKnownFileType = sourcecode.swift; path = ReflectedStringConvertible.swift; sourceTree = "<group>"; };
/* End PBXFileReference section */

/* Begin PBXFrameworksBuildPhase section */
		4707444F2637DE1600D68D59 /* Frameworks */ = {
			isa = PBXFrameworksBuildPhase;
			buildActionMask = 2147483647;
			files = (
			);
			runOnlyForDeploymentPostprocessing = 0;
		};
/* End PBXFrameworksBuildPhase section */

/* Begin PBXGroup section */
		470744492637DE1600D68D59 = {
			isa = PBXGroup;
			children = (
				470744542637DE1600D68D59 /* Buttler */,
				470744532637DE1600D68D59 /* Products */,
			);
			sourceTree = "<group>";
		};
		470744532637DE1600D68D59 /* Products */ = {
			isa = PBXGroup;
			children = (
				470744522637DE1600D68D59 /* Buttler.app */,
			);
			name = Products;
			sourceTree = "<group>";
		};
		470744542637DE1600D68D59 /* Buttler */ = {
			isa = PBXGroup;
			children = (
				470744752637EDA000D68D59 /* Model */,
				470744702637DECA00D68D59 /* Controllers */,
				470744772637EDAB00D68D59 /* Views */,
				4707445E2637DE1900D68D59 /* Assets.xcassets */,
				470744632637DE1900D68D59 /* Info.plist */,
				4707446A2637DE4400D68D59 /* Supporting Files */,
			);
			path = Buttler;
			sourceTree = "<group>";
		};
		4707446A2637DE4400D68D59 /* Supporting Files */ = {
			isa = PBXGroup;
			children = (
				470744552637DE1600D68D59 /* AppDelegate.swift */,
				470744572637DE1600D68D59 /* SceneDelegate.swift */,
				470744602637DE1900D68D59 /* LaunchScreen.storyboard */,
			);
			path = "Supporting Files";
			sourceTree = "<group>";
		};
		470744702637DECA00D68D59 /* Controllers */ = {
			isa = PBXGroup;
			children = (
				470744592637DE1600D68D59 /* ViewController.swift */,
				4707446D2637DEC300D68D59 /* GameViewController.swift */,
			);
			path = Controllers;
			sourceTree = "<group>";
		};
		470744752637EDA000D68D59 /* Model */ = {
			isa = PBXGroup;
			children = (
				470744722637ED9600D68D59 /* Node.swift */,
				470744792637F61800D68D59 /* ReflectedStringConvertible.swift */,
			);
			path = Model;
			sourceTree = "<group>";
		};
		470744772637EDAB00D68D59 /* Views */ = {
			isa = PBXGroup;
			children = (
				4707445B2637DE1600D68D59 /* Main.storyboard */,
			);
			path = Views;
			sourceTree = "<group>";
		};
/* End PBXGroup section */

/* Begin PBXNativeTarget section */
		470744512637DE1600D68D59 /* Buttler */ = {
			isa = PBXNativeTarget;
			buildConfigurationList = 470744662637DE1900D68D59 /* Build configuration list for PBXNativeTarget "Buttler" */;
			buildPhases = (
				4707444E2637DE1600D68D59 /* Sources */,
				4707444F2637DE1600D68D59 /* Frameworks */,
				470744502637DE1600D68D59 /* Resources */,
			);
			buildRules = (
			);
			dependencies = (
			);
			name = Buttler;
			productName = Buttler;
			productReference = 470744522637DE1600D68D59 /* Buttler.app */;
			productType = "com.apple.product-type.application";
		};
/* End PBXNativeTarget section */

/* Begin PBXProject section */
		4707444A2637DE1600D68D59 /* Project object */ = {
			isa = PBXProject;
			attributes = {
				LastSwiftUpdateCheck = 1240;
				LastUpgradeCheck = 1240;
				TargetAttributes = {
					470744512637DE1600D68D59 = {
						CreatedOnToolsVersion = 12.4;
					};
				};
			};
			buildConfigurationList = 4707444D2637DE1600D68D59 /* Build configuration list for PBXProject "Buttler" */;
			compatibilityVersion = "Xcode 9.3";
			developmentRegion = en;
			hasScannedForEncodings = 0;
			knownRegions = (
				en,
				Base,
			);
			mainGroup = 470744492637DE1600D68D59;
			productRefGroup = 470744532637DE1600D68D59 /* Products */;
			projectDirPath = "";
			projectRoot = "";
			targets = (
				470744512637DE1600D68D59 /* Buttler */,
			);
		};
/* End PBXProject section */

/* Begin PBXResourcesBuildPhase section */
		470744502637DE1600D68D59 /* Resources */ = {
			isa = PBXResourcesBuildPhase;
			buildActionMask = 2147483647;
			files = (
				470744622637DE1900D68D59 /* LaunchScreen.storyboard in Resources */,
				4707445F2637DE1900D68D59 /* Assets.xcassets in Resources */,
				4707445D2637DE1600D68D59 /* Main.storyboard in Resources */,
			);
			runOnlyForDeploymentPostprocessing = 0;
		};
/* End PBXResourcesBuildPhase section */

/* Begin PBXSourcesBuildPhase section */
		4707444E2637DE1600D68D59 /* Sources */ = {
			isa = PBXSourcesBuildPhase;
			buildActionMask = 2147483647;
			files = (
				4707446E2637DEC300D68D59 /* GameViewController.swift in Sources */,
				470744732637ED9600D68D59 /* Node.swift in Sources */,
				4707445A2637DE1600D68D59 /* ViewController.swift in Sources */,
				470744562637DE1600D68D59 /* AppDelegate.swift in Sources */,
				4707447A2637F61800D68D59 /* ReflectedStringConvertible.swift in Sources */,
				470744582637DE1600D68D59 /* SceneDelegate.swift in Sources */,
			);
			runOnlyForDeploymentPostprocessing = 0;
		};
/* End PBXSourcesBuildPhase section */

/* Begin PBXVariantGroup section */
		4707445B2637DE1600D68D59 /* Main.storyboard */ = {
			isa = PBXVariantGroup;
			children = (
				4707445C2637DE1600D68D59 /* Base */,
			);
			name = Main.storyboard;
			sourceTree = "<group>";
		};
		470744602637DE1900D68D59 /* LaunchScreen.storyboard */ = {
			isa = PBXVariantGroup;
			children = (
				470744612637DE1900D68D59 /* Base */,
			);
			name = LaunchScreen.storyboard;
			sourceTree = "<group>";
		};
/* End PBXVariantGroup section */

/* Begin XCBuildConfiguration section */
		470744642637DE1900D68D59 /* Debug */ = {
			isa = XCBuildConfiguration;
			buildSettings = {
				ALWAYS_SEARCH_USER_PATHS = NO;
				CLANG_ANALYZER_NONNULL = YES;
				CLANG_ANALYZER_NUMBER_OBJECT_CONVERSION = YES_AGGRESSIVE;
				CLANG_CXX_LANGUAGE_STANDARD = "gnu++14";
				CLANG_CXX_LIBRARY = "libc++";
				CLANG_ENABLE_MODULES = YES;
				CLANG_ENABLE_OBJC_ARC = YES;
				CLANG_ENABLE_OBJC_WEAK = YES;
				CLANG_WARN_BLOCK_CAPTURE_AUTORELEASING = YES;
				CLANG_WARN_BOOL_CONVERSION = YES;
				CLANG_WARN_COMMA = YES;
				CLANG_WARN_CONSTANT_CONVERSION = YES;
				CLANG_WARN_DEPRECATED_OBJC_IMPLEMENTATIONS = YES;
				CLANG_WARN_DIRECT_OBJC_ISA_USAGE = YES_ERROR;
				CLANG_WARN_DOCUMENTATION_COMMENTS = YES;
				CLANG_WARN_EMPTY_BODY = YES;
				CLANG_WARN_ENUM_CONVERSION = YES;
				CLANG_WARN_INFINITE_RECURSION = YES;
				CLANG_WARN_INT_CONVERSION = YES;
				CLANG_WARN_NON_LITERAL_NULL_CONVERSION = YES;
				CLANG_WARN_OBJC_IMPLICIT_RETAIN_SELF = YES;
				CLANG_WARN_OBJC_LITERAL_CONVERSION = YES;
				CLANG_WARN_OBJC_ROOT_CLASS = YES_ERROR;
				CLANG_WARN_QUOTED_INCLUDE_IN_FRAMEWORK_HEADER = YES;
				CLANG_WARN_RANGE_LOOP_ANALYSIS = YES;
				CLANG_WARN_STRICT_PROTOTYPES = YES;
				CLANG_WARN_SUSPICIOUS_MOVE = YES;
				CLANG_WARN_UNGUARDED_AVAILABILITY = YES_AGGRESSIVE;
				CLANG_WARN_UNREACHABLE_CODE = YES;
				CLANG_WARN__DUPLICATE_METHOD_MATCH = YES;
				COPY_PHASE_STRIP = NO;
				DEBUG_INFORMATION_FORMAT = dwarf;
				ENABLE_STRICT_OBJC_MSGSEND = YES;
				ENABLE_TESTABILITY = YES;
				GCC_C_LANGUAGE_STANDARD = gnu11;
				GCC_DYNAMIC_NO_PIC = NO;
				GCC_NO_COMMON_BLOCKS = YES;
				GCC_OPTIMIZATION_LEVEL = 0;
				GCC_PREPROCESSOR_DEFINITIONS = (
					"DEBUG=1",
					"$(inherited)",
				);
				GCC_WARN_64_TO_32_BIT_CONVERSION = YES;
				GCC_WARN_ABOUT_RETURN_TYPE = YES_ERROR;
				GCC_WARN_UNDECLARED_SELECTOR = YES;
				GCC_WARN_UNINITIALIZED_AUTOS = YES_AGGRESSIVE;
				GCC_WARN_UNUSED_FUNCTION = YES;
				GCC_WARN_UNUSED_VARIABLE = YES;
				IPHONEOS_DEPLOYMENT_TARGET = 14.4;
				MTL_ENABLE_DEBUG_INFO = INCLUDE_SOURCE;
				MTL_FAST_MATH = YES;
				ONLY_ACTIVE_ARCH = YES;
				SDKROOT = iphoneos;
				SWIFT_ACTIVE_COMPILATION_CONDITIONS = DEBUG;
				SWIFT_OPTIMIZATION_LEVEL = "-Onone";
			};
			name = Debug;
		};
		470744652637DE1900D68D59 /* Release */ = {
			isa = XCBuildConfiguration;
			buildSettings = {
				ALWAYS_SEARCH_USER_PATHS = NO;
				CLANG_ANALYZER_NONNULL = YES;
				CLANG_ANALYZER_NUMBER_OBJECT_CONVERSION = YES_AGGRESSIVE;
				CLANG_CXX_LANGUAGE_STANDARD = "gnu++14";
				CLANG_CXX_LIBRARY = "libc++";
				CLANG_ENABLE_MODULES = YES;
				CLANG_ENABLE_OBJC_ARC = YES;
				CLANG_ENABLE_OBJC_WEAK = YES;
				CLANG_WARN_BLOCK_CAPTURE_AUTORELEASING = YES;
				CLANG_WARN_BOOL_CONVERSION = YES;
				CLANG_WARN_COMMA = YES;
				CLANG_WARN_CONSTANT_CONVERSION = YES;
				CLANG_WARN_DEPRECATED_OBJC_IMPLEMENTATIONS = YES;
				CLANG_WARN_DIRECT_OBJC_ISA_USAGE = YES_ERROR;
				CLANG_WARN_DOCUMENTATION_COMMENTS = YES;
				CLANG_WARN_EMPTY_BODY = YES;
				CLANG_WARN_ENUM_CONVERSION = YES;
				CLANG_WARN_INFINITE_RECURSION = YES;
				CLANG_WARN_INT_CONVERSION = YES;
				CLANG_WARN_NON_LITERAL_NULL_CONVERSION = YES;
				CLANG_WARN_OBJC_IMPLICIT_RETAIN_SELF = YES;
				CLANG_WARN_OBJC_LITERAL_CONVERSION = YES;
				CLANG_WARN_OBJC_ROOT_CLASS = YES_ERROR;
				CLANG_WARN_QUOTED_INCLUDE_IN_FRAMEWORK_HEADER = YES;
				CLANG_WARN_RANGE_LOOP_ANALYSIS = YES;
				CLANG_WARN_STRICT_PROTOTYPES = YES;
				CLANG_WARN_SUSPICIOUS_MOVE = YES;
				CLANG_WARN_UNGUARDED_AVAILABILITY = YES_AGGRESSIVE;
				CLANG_WARN_UNREACHABLE_CODE = YES;
				CLANG_WARN__DUPLICATE_METHOD_MATCH = YES;
				COPY_PHASE_STRIP = NO;
				DEBUG_INFORMATION_FORMAT = "dwarf-with-dsym";
				ENABLE_NS_ASSERTIONS = NO;
				ENABLE_STRICT_OBJC_MSGSEND = YES;
				GCC_C_LANGUAGE_STANDARD = gnu11;
				GCC_NO_COMMON_BLOCKS = YES;
				GCC_WARN_64_TO_32_BIT_CONVERSION = YES;
				GCC_WARN_ABOUT_RETURN_TYPE = YES_ERROR;
				GCC_WARN_UNDECLARED_SELECTOR = YES;
				GCC_WARN_UNINITIALIZED_AUTOS = YES_AGGRESSIVE;
				GCC_WARN_UNUSED_FUNCTION = YES;
				GCC_WARN_UNUSED_VARIABLE = YES;
				IPHONEOS_DEPLOYMENT_TARGET = 14.4;
				MTL_ENABLE_DEBUG_INFO = NO;
				MTL_FAST_MATH = YES;
				SDKROOT = iphoneos;
				SWIFT_COMPILATION_MODE = wholemodule;
				SWIFT_OPTIMIZATION_LEVEL = "-O";
				VALIDATE_PRODUCT = YES;
			};
			name = Release;
		};
		470744672637DE1900D68D59 /* Debug */ = {
			isa = XCBuildConfiguration;
			buildSettings = {
				ASSETCATALOG_COMPILER_APPICON_NAME = AppIcon;
				ASSETCATALOG_COMPILER_GLOBAL_ACCENT_COLOR_NAME = AccentColor;
				CODE_SIGN_STYLE = Automatic;
				DEVELOPMENT_TEAM = 8674268245;
				INFOPLIST_FILE = Buttler/Info.plist;
				LD_RUNPATH_SEARCH_PATHS = (
					"$(inherited)",
					"@executable_path/Frameworks",
				);
				PRODUCT_BUNDLE_IDENTIFIER = hummusinc.com.Buttler;
				PRODUCT_NAME = "$(TARGET_NAME)";
				SWIFT_VERSION = 5.0;
				TARGETED_DEVICE_FAMILY = "1,2";
			};
			name = Debug;
		};
		470744682637DE1900D68D59 /* Release */ = {
			isa = XCBuildConfiguration;
			buildSettings = {
				ASSETCATALOG_COMPILER_APPICON_NAME = AppIcon;
				ASSETCATALOG_COMPILER_GLOBAL_ACCENT_COLOR_NAME = AccentColor;
				CODE_SIGN_STYLE = Automatic;
				DEVELOPMENT_TEAM = 8674268245;
				INFOPLIST_FILE = Buttler/Info.plist;
				LD_RUNPATH_SEARCH_PATHS = (
					"$(inherited)",
					"@executable_path/Frameworks",
				);
				PRODUCT_BUNDLE_IDENTIFIER = hummusinc.com.Buttler;
				PRODUCT_NAME = "$(TARGET_NAME)";
				SWIFT_VERSION = 5.0;
				TARGETED_DEVICE_FAMILY = "1,2";
			};
			name = Release;
		};
/* End XCBuildConfiguration section */

/* Begin XCConfigurationList section */
		4707444D2637DE1600D68D59 /* Build configuration list for PBXProject "Buttler" */ = {
			isa = XCConfigurationList;
			buildConfigurations = (
				470744642637DE1900D68D59 /* Debug */,
				470744652637DE1900D68D59 /* Release */,
			);
			defaultConfigurationIsVisible = 0;
			defaultConfigurationName = Release;
		};
		470744662637DE1900D68D59 /* Build configuration list for PBXNativeTarget "Buttler" */ = {
			isa = XCConfigurationList;
			buildConfigurations = (
				470744672637DE1900D68D59 /* Debug */,
				470744682637DE1900D68D59 /* Release */,
			);
			defaultConfigurationIsVisible = 0;
			defaultConfigurationName = Release;
		};
/* End XCConfigurationList section */
	};
	rootObject = 4707444A2637DE1600D68D59 /* Project object */;
}
